
Microsoft Visual Studio Solution File, Format Version 12.00
# Visual Studio Version 16
VisualStudioVersion = 16.0.30611.23
MinimumVisualStudioVersion = 10.0.40219.1
Project("{9A19103F-16F7-4668-BE54-9A1E7A4F7556}") = "AzureAdminAutoApprove", "AzureAdminAutoApprove.csproj", "{F67E47AD-9D86-46DE-A716-956BF1E097AA}"
EndProject
Global
	GlobalSection(SolutionConfigurationPlatforms) = preSolution
		Debug|Any CPU = Debug|Any CPU
		Release|Any CPU = Release|Any CPU
	EndGlobalSection
	GlobalSection(ProjectConfigurationPlatforms) = postSolution
		{F67E47AD-9D86-46DE-A716-956BF1E097AA}.Debug|Any CPU.ActiveCfg = Debug|Any CPU
		{F67E47AD-9D86-46DE-A716-956BF1E097AA}.Debug|Any CPU.Build.0 = Debug|Any CPU
		{F67E47AD-9D86-46DE-A716-956BF1E097AA}.Release|Any CPU.ActiveCfg = Release|Any CPU
		{F67E47AD-9D86-46DE-A716-956BF1E097AA}.Release|Any CPU.Build.0 = Release|Any CPU
	EndGlobalSection
	GlobalSection(SolutionProperties) = preSolution
		HideSolutionNode = FALSE
	EndGlobalSection
	GlobalSection(ExtensibilityGlobals) = postSolution
		SolutionGuid = {8144976A-45BF-44D0-8851-36803F8702DB}
	EndGlobalSection
EndGlobal
